
Microsoft Visual Studio Solution File, Format Version 12.00
# Visual Studio Version 17
VisualStudioVersion = 17.2.32630.192
MinimumVisualStudioVersion = 10.0.40219.1
Project("{9A19103F-16F7-4668-BE54-9A1E7A4F7556}") = "SimpleException", "SimpleException\SimpleException.csproj", "{DC454933-E597-4A02-A81B-8FE98EDC8168}"
EndProject
Project("{9A19103F-16F7-4668-BE54-9A1E7A4F7556}") = "CustomException", "CustomException\CustomException.csproj", "{DF0C87A5-69AA-405F-AAFA-72B4A6959F1A}"
EndProject
Global
	GlobalSection(SolutionConfigurationPlatforms) = preSolution
		Debug|Any CPU = Debug|Any CPU
		Release|Any CPU = Release|Any CPU
	EndGlobalSection
	GlobalSection(ProjectConfigurationPlatforms) = postSolution
		{DC454933-E597-4A02-A81B-8FE98EDC8168}.Debug|Any CPU.ActiveCfg = Debug|Any CPU
		{DC454933-E597-4A02-A81B-8FE98EDC8168}.Debug|Any CPU.Build.0 = Debug|Any CPU
		{DC454933-E597-4A02-A81B-8FE98EDC8168}.Release|Any CPU.ActiveCfg = Release|Any CPU
		{DC454933-E597-4A02-A81B-8FE98EDC8168}.Release|Any CPU.Build.0 = Release|Any CPU
		{DF0C87A5-69AA-405F-AAFA-72B4A6959F1A}.Debug|Any CPU.ActiveCfg = Debug|Any CPU
		{DF0C87A5-69AA-405F-AAFA-72B4A6959F1A}.Debug|Any CPU.Build.0 = Debug|Any CPU
		{DF0C87A5-69AA-405F-AAFA-72B4A6959F1A}.Release|Any CPU.ActiveCfg = Release|Any CPU
		{DF0C87A5-69AA-405F-AAFA-72B4A6959F1A}.Release|Any CPU.Build.0 = Release|Any CPU
	EndGlobalSection
	GlobalSection(SolutionProperties) = preSolution
		HideSolutionNode = FALSE
	EndGlobalSection
	GlobalSection(ExtensibilityGlobals) = postSolution
		SolutionGuid = {52A330E0-15B9-4D1F-A45C-5762A2470971}
	EndGlobalSection
EndGlobal
